
Microsoft Visual Studio Solution File, Format Version 12.00
# Visual Studio Version 16
VisualStudioVersion = 16.0.30907.101
MinimumVisualStudioVersion = 10.0.40219.1
Project("{FAE04EC0-301F-11D3-BF4B-00C04F79EFBC}") = "PraksaDay2", "PraksaDay2\PraksaDay2.csproj", "{52E64978-17A8-4CF7-9F73-F2BABEA82082}"
EndProject
Global
	GlobalSection(SolutionConfigurationPlatforms) = preSolution
		Debug|Any CPU = Debug|Any CPU
		Release|Any CPU = Release|Any CPU
	EndGlobalSection
	GlobalSection(ProjectConfigurationPlatforms) = postSolution
		{52E64978-17A8-4CF7-9F73-F2BABEA82082}.Debug|Any CPU.ActiveCfg = Debug|Any CPU
		{52E64978-17A8-4CF7-9F73-F2BABEA82082}.Debug|Any CPU.Build.0 = Debug|Any CPU
		{52E64978-17A8-4CF7-9F73-F2BABEA82082}.Release|Any CPU.ActiveCfg = Release|Any CPU
		{52E64978-17A8-4CF7-9F73-F2BABEA82082}.Release|Any CPU.Build.0 = Release|Any CPU
	EndGlobalSection
	GlobalSection(SolutionProperties) = preSolution
		HideSolutionNode = FALSE
	EndGlobalSection
	GlobalSection(ExtensibilityGlobals) = postSolution
		SolutionGuid = {13DC673B-245A-4FF4-A576-9F1E54189865}
	EndGlobalSection
EndGlobal
